{
  "nodes": {
    "home-manager": {
      "inputs": {
        "nixpkgs": [
          "nixpkgs"
        ]
      },
      "locked": {
        "lastModified": 1736883540,
        "narHash": "sha256-dgPgoPUSg8cGAMqbhQRkww665sZtgzpWXxWjlyqhv94=",
        "owner": "nix-community",
        "repo": "home-manager",
        "rev": "0dfec9deb275854a56c97c356c40ef72e3a2e632",
        "type": "github"
      },
      "original": {
        "owner": "nix-community",
        "repo": "home-manager",
        "type": "github"
      }
    },
    "nix-pin": {
      "locked": {
        "lastModified": 1740491847,
        "narHash": "sha256-ocFkWWnswbVGPbXzwqmPBj5eujNHimeFfYmW7emyi9M=",
        "owner": "akeboshiwind",
        "repo": "nix-pin",
        "rev": "4012b76a1feef0d7316a3cfa59039364006508d9",
        "type": "github"
      },
      "original": {
        "owner": "akeboshiwind",
        "repo": "nix-pin",
        "type": "github"
      }
    },
    "nixpkgs": {
      "locked": {
        "lastModified": 1736883708,
        "narHash": "sha256-uQ+NQ0/xYU0N1CnXsa2zghgNaOPxWpMJXSUJJ9W7140=",
        "owner": "nixos",
        "repo": "nixpkgs",
        "rev": "eb62e6aa39ea67e0b8018ba8ea077efe65807dc8",
        "type": "github"
      },
      "original": {
        "owner": "nixos",
        "ref": "nixos-unstable",
        "repo": "nixpkgs",
        "type": "github"
      }
    },
    "root": {
      "inputs": {
        "home-manager": "home-manager",
        "nix-pin": "nix-pin",
        "nixpkgs": "nixpkgs"
      }
    }
  },
  "root": "root",
  "version": 7
}
